
Microsoft Visual Studio Solution File, Format Version 11.00
# Visual Studio 2010
Project("{FAE04EC0-301F-11D3-BF4B-00C04F79EFBC}") = "MyMediaLite", "MyMediaLite\MyMediaLite.csproj", "{73424F09-BEEA-4992-B116-5F123496F5D3}"
EndProject
Project("{FAE04EC0-301F-11D3-BF4B-00C04F79EFBC}") = "SVM", "SVM\SVM.csproj", "{309290E3-E52B-4E67-9F6E-2A67B5D54320}"
EndProject
Project("{FAE04EC0-301F-11D3-BF4B-00C04F79EFBC}") = "JSONAPI", "JSON-API\JSONAPI.csproj", "{861D978E-CB3C-4BC3-B0F9-A63D2AD5340D}"
EndProject
Global
	GlobalSection(SolutionConfigurationPlatforms) = preSolution
		Debug|Any CPU = Debug|Any CPU
		Release|Any CPU = Release|Any CPU
		Default|Any CPU = Default|Any CPU
	EndGlobalSection
	GlobalSection(ProjectConfigurationPlatforms) = postSolution
		{309290E3-E52B-4E67-9F6E-2A67B5D54320}.Debug|Any CPU.ActiveCfg = Debug|Any CPU
		{309290E3-E52B-4E67-9F6E-2A67B5D54320}.Debug|Any CPU.Build.0 = Debug|Any CPU
		{309290E3-E52B-4E67-9F6E-2A67B5D54320}.Release|Any CPU.ActiveCfg = Release|Any CPU
		{309290E3-E52B-4E67-9F6E-2A67B5D54320}.Release|Any CPU.Build.0 = Release|Any CPU
		{73424F09-BEEA-4992-B116-5F123496F5D3}.Debug|Any CPU.ActiveCfg = Debug|Any CPU
		{73424F09-BEEA-4992-B116-5F123496F5D3}.Debug|Any CPU.Build.0 = Debug|Any CPU
		{73424F09-BEEA-4992-B116-5F123496F5D3}.Default|Any CPU.ActiveCfg = Debug|Any CPU
		{73424F09-BEEA-4992-B116-5F123496F5D3}.Default|Any CPU.Build.0 = Debug|Any CPU
		{73424F09-BEEA-4992-B116-5F123496F5D3}.Release|Any CPU.ActiveCfg = Release|Any CPU
		{73424F09-BEEA-4992-B116-5F123496F5D3}.Release|Any CPU.Build.0 = Release|Any CPU
		{861D978E-CB3C-4BC3-B0F9-A63D2AD5340D}.Debug|Any CPU.ActiveCfg = Debug|Any CPU
		{861D978E-CB3C-4BC3-B0F9-A63D2AD5340D}.Debug|Any CPU.Build.0 = Debug|Any CPU
		{861D978E-CB3C-4BC3-B0F9-A63D2AD5340D}.Default|Any CPU.ActiveCfg = Debug|Any CPU
		{861D978E-CB3C-4BC3-B0F9-A63D2AD5340D}.Default|Any CPU.Build.0 = Debug|Any CPU
		{861D978E-CB3C-4BC3-B0F9-A63D2AD5340D}.Release|Any CPU.ActiveCfg = Release|Any CPU
		{861D978E-CB3C-4BC3-B0F9-A63D2AD5340D}.Release|Any CPU.Build.0 = Release|Any CPU
	EndGlobalSection
	GlobalSection(MonoDevelopProperties) = preSolution
		StartupItem = JSON-API\JSONAPI.csproj
		Policies = $0
		$0.StandardHeader = $1
		$1.Text = @Copyright (C) 2012 Zeno Gantner\n\nThis file is part of MyMediaLite.\n\nMyMediaLite is free software: you can redistribute it and/or modify\nit under the terms of the GNU General Public License as published by\nthe Free Software Foundation, either version 3 of the License, or\n(at your option) any later version.\n\nMyMediaLite is distributed in the hope that it will be useful,\nbut WITHOUT ANY WARRANTY; without even the implied warranty of\nMERCHANTABILITY or FITNESS FOR A PARTICULAR PURPOSE.  See the\nGNU General Public License for more details.\n\n You should have received a copy of the GNU General Public License\n along with MyMediaLite.  If not, see <http://www.gnu.org/licenses/>.\n
		$1.IncludeInNewFiles = True
		$0.DotNetNamingPolicy = $2
		$2.DirectoryNamespaceAssociation = PrefixedFlat
		$2.ResourceNamePolicy = FileFormatDefault
		$0.ChangeLogPolicy = $3
		$3.UpdateMode = None
		$3.MessageStyle = $4
		$4.LineAlign = 0
		$3.inheritsSet = Mono
		$0.TextStylePolicy = $5
		$5.inheritsSet = null
		$5.scope = text/x-csharp
		$0.CSharpFormattingPolicy = $6
		$6.BeforeMethodDeclarationParentheses = False
		$6.inheritsSet = Mono
		$6.inheritsScope = text/x-csharp
		$6.scope = text/x-csharp
		$0.VersionControlPolicy = $7
		$7.inheritsSet = Mono
		version = 2.99
	EndGlobalSection
EndGlobal
